
Microsoft Visual Studio Solution File, Format Version 12.00
# Visual Studio Version 16
VisualStudioVersion = 16.0.30114.105
MinimumVisualStudioVersion = 10.0.40219.1
Project("{FAE04EC0-301F-11D3-BF4B-00C04F79EFBC}") = "CrudPacientes1", "CrudPacientes1\CrudPacientes1.csproj", "{C82E7309-86DF-45B2-9DDF-F9D4D50B6B5C}"
EndProject
Global
	GlobalSection(SolutionConfigurationPlatforms) = preSolution
		Debug|Any CPU = Debug|Any CPU
		Release|Any CPU = Release|Any CPU
	EndGlobalSection
	GlobalSection(ProjectConfigurationPlatforms) = postSolution
		{C82E7309-86DF-45B2-9DDF-F9D4D50B6B5C}.Debug|Any CPU.ActiveCfg = Debug|Any CPU
		{C82E7309-86DF-45B2-9DDF-F9D4D50B6B5C}.Debug|Any CPU.Build.0 = Debug|Any CPU
		{C82E7309-86DF-45B2-9DDF-F9D4D50B6B5C}.Release|Any CPU.ActiveCfg = Release|Any CPU
		{C82E7309-86DF-45B2-9DDF-F9D4D50B6B5C}.Release|Any CPU.Build.0 = Release|Any CPU
	EndGlobalSection
	GlobalSection(SolutionProperties) = preSolution
		HideSolutionNode = FALSE
	EndGlobalSection
	GlobalSection(ExtensibilityGlobals) = postSolution
		SolutionGuid = {85CFD1EF-0F46-4111-97F1-8747B19C37B6}
	EndGlobalSection
EndGlobal
